
Microsoft Visual Studio Solution File, Format Version 12.00
# Visual Studio Version 17
VisualStudioVersion = 17.1.32210.238
MinimumVisualStudioVersion = 10.0.40219.1
Project("{9A19103F-16F7-4668-BE54-9A1E7A4F7556}") = "WebUI", "WebUI\WebUI.csproj", "{99A07DF4-786B-455C-BE87-6D35AE6A2A52}"
EndProject
Project("{9A19103F-16F7-4668-BE54-9A1E7A4F7556}") = "Entities", "Entities\Entities.csproj", "{9682F866-A276-4FC7-9FEC-4753E82C22AD}"
EndProject
Project("{9A19103F-16F7-4668-BE54-9A1E7A4F7556}") = "Business", "Business\Business.csproj", "{098185EB-B59E-4FF4-882C-FE3DA825B877}"
EndProject
Project("{9A19103F-16F7-4668-BE54-9A1E7A4F7556}") = "Core", "Core\Core.csproj", "{B4C2EEDA-F6D7-4B10-8B5E-6622F92D587F}"
EndProject
Project("{9A19103F-16F7-4668-BE54-9A1E7A4F7556}") = "DataAccess", "DataAccess\DataAccess.csproj", "{092512B1-94B1-42F4-A33E-C4530CD7A5A1}"
EndProject
Project("{9A19103F-16F7-4668-BE54-9A1E7A4F7556}") = "Conos", "Conos\Conos.csproj", "{FCBD926F-1F63-472C-971D-682E41AF5314}"
EndProject
Global
	GlobalSection(SolutionConfigurationPlatforms) = preSolution
		Debug|Any CPU = Debug|Any CPU
		Release|Any CPU = Release|Any CPU
	EndGlobalSection
	GlobalSection(ProjectConfigurationPlatforms) = postSolution
		{99A07DF4-786B-455C-BE87-6D35AE6A2A52}.Debug|Any CPU.ActiveCfg = Debug|Any CPU
		{99A07DF4-786B-455C-BE87-6D35AE6A2A52}.Debug|Any CPU.Build.0 = Debug|Any CPU
		{99A07DF4-786B-455C-BE87-6D35AE6A2A52}.Release|Any CPU.ActiveCfg = Release|Any CPU
		{99A07DF4-786B-455C-BE87-6D35AE6A2A52}.Release|Any CPU.Build.0 = Release|Any CPU
		{9682F866-A276-4FC7-9FEC-4753E82C22AD}.Debug|Any CPU.ActiveCfg = Debug|Any CPU
		{9682F866-A276-4FC7-9FEC-4753E82C22AD}.Debug|Any CPU.Build.0 = Debug|Any CPU
		{9682F866-A276-4FC7-9FEC-4753E82C22AD}.Release|Any CPU.ActiveCfg = Release|Any CPU
		{9682F866-A276-4FC7-9FEC-4753E82C22AD}.Release|Any CPU.Build.0 = Release|Any CPU
		{098185EB-B59E-4FF4-882C-FE3DA825B877}.Debug|Any CPU.ActiveCfg = Debug|Any CPU
		{098185EB-B59E-4FF4-882C-FE3DA825B877}.Debug|Any CPU.Build.0 = Debug|Any CPU
		{098185EB-B59E-4FF4-882C-FE3DA825B877}.Release|Any CPU.ActiveCfg = Release|Any CPU
		{098185EB-B59E-4FF4-882C-FE3DA825B877}.Release|Any CPU.Build.0 = Release|Any CPU
		{B4C2EEDA-F6D7-4B10-8B5E-6622F92D587F}.Debug|Any CPU.ActiveCfg = Debug|Any CPU
		{B4C2EEDA-F6D7-4B10-8B5E-6622F92D587F}.Debug|Any CPU.Build.0 = Debug|Any CPU
		{B4C2EEDA-F6D7-4B10-8B5E-6622F92D587F}.Release|Any CPU.ActiveCfg = Release|Any CPU
		{B4C2EEDA-F6D7-4B10-8B5E-6622F92D587F}.Release|Any CPU.Build.0 = Release|Any CPU
		{092512B1-94B1-42F4-A33E-C4530CD7A5A1}.Debug|Any CPU.ActiveCfg = Debug|Any CPU
		{092512B1-94B1-42F4-A33E-C4530CD7A5A1}.Debug|Any CPU.Build.0 = Debug|Any CPU
		{092512B1-94B1-42F4-A33E-C4530CD7A5A1}.Release|Any CPU.ActiveCfg = Release|Any CPU
		{092512B1-94B1-42F4-A33E-C4530CD7A5A1}.Release|Any CPU.Build.0 = Release|Any CPU
		{FCBD926F-1F63-472C-971D-682E41AF5314}.Debug|Any CPU.ActiveCfg = Debug|Any CPU
		{FCBD926F-1F63-472C-971D-682E41AF5314}.Debug|Any CPU.Build.0 = Debug|Any CPU
		{FCBD926F-1F63-472C-971D-682E41AF5314}.Release|Any CPU.ActiveCfg = Release|Any CPU
		{FCBD926F-1F63-472C-971D-682E41AF5314}.Release|Any CPU.Build.0 = Release|Any CPU
	EndGlobalSection
	GlobalSection(SolutionProperties) = preSolution
		HideSolutionNode = FALSE
	EndGlobalSection
	GlobalSection(ExtensibilityGlobals) = postSolution
		SolutionGuid = {6BF3713B-1200-4AD8-B212-972DBF33FE86}
	EndGlobalSection
EndGlobal
